<?xml version="1.0" encoding="utf-8"?>
<Project ToolsVersion="4.0" xmlns="http://schemas.microsoft.com/developer/msbuild/2003">
  <ItemGroup>
    <Filter Include="Editor">
      <UniqueIdentifier>{4b0239b7-f2aa-4181-aed6-cf0b006694c5}</UniqueIdentifier>
    </Filter>
    <Filter Include="Editor\ImGUI">
      <UniqueIdentifier>{3d1a433a-d932-4c3b-a9a1-3d62515eea20}</UniqueIdentifier>
    </Filter>
    <Filter Include="Editor\ImGUI\ImGUI">
      <UniqueIdentifier>{01b535f6-b43e-49c0-92a1-9cff17fe0588}</UniqueIdentifier>
    </Filter>
    <Filter Include="Editor\ImGUI\ImGUISFML">
      <UniqueIdentifier>{41bbae00-738a-4a51-8efd-e03bc1898002}</UniqueIdentifier>
    </Filter>
    <Filter Include="Editor\BaseEditorWindow">
      <UniqueIdentifier>{5a809f66-8722-4b1f-82c6-ce335f546dcb}</UniqueIdentifier>
    </Filter>
    <Filter Include="Editor\Windows">
      <UniqueIdentifier>{cdc5ae23-d1a3-412b-b48e-8b402d5be1e4}</UniqueIdentifier>
    </Filter>
    <Filter Include="Editor\Windows\Menus">
      <UniqueIdentifier>{1419feb6-5458-4f8c-b231-b8c8476294d5}</UniqueIdentifier>
    </Filter>
    <Filter Include="Editor\Windows\Panels">
      <UniqueIdentifier>{b80b0615-22e2-4cb6-93de-da72cf1bbea2}</UniqueIdentifier>
    </Filter>
    <Filter Include="Editor\Windows\Panels\Console">
      <UniqueIdentifier>{fcc4bba9-e468-4eaa-ae7e-816f66512511}</UniqueIdentifier>
    </Filter>
    <Filter Include="Editor\Windows\Panels\Hierarchy">
      <UniqueIdentifier>{ec960bee-2f86-4752-9d6d-4c7774c400a0}</UniqueIdentifier>
    </Filter>
    <Filter Include="Editor\Windows\Panels\SceneViewport">
      <UniqueIdentifier>{ed045318-d3fd-46bb-b934-f7af54a0ab28}</UniqueIdentifier>
    </Filter>
    <Filter Include="Editor\Windows\Panels\Inspector">
      <UniqueIdentifier>{ae0cc2d5-41b8-42d9-812f-9e61dd16b98b}</UniqueIdentifier>
    </Filter>
    <Filter Include="Editor\Windows\Panels\Animation">
      <UniqueIdentifier>{1ecb8318-437b-4584-ae63-d480f96217da}</UniqueIdentifier>
    </Filter>
    <Filter Include="Editor\Windows\Panels\ContentBrowser">
      <UniqueIdentifier>{51d00977-d62d-49b2-84f4-d4fa5677c883}</UniqueIdentifier>
    </Filter>
    <Filter Include="Editor\Windows\Menus\About">
      <UniqueIdentifier>{2e408aee-75e9-4753-b164-2c85dc3ae41a}</UniqueIdentifier>
    </Filter>
    <Filter Include="Editor\Windows\Panels\GameViewport">
      <UniqueIdentifier>{46e1d7bb-02d6-4640-8d40-e7d89037c7cd}</UniqueIdentifier>
    </Filter>
    <Filter Include="Editor\Style">
      <UniqueIdentifier>{e1552f26-f0eb-4f8f-a635-8904e668adb0}</UniqueIdentifier>
    </Filter>
    <Filter Include="Editor\Windows\Menus\MenuBar">
      <UniqueIdentifier>{5126f83a-95a4-4e5d-9cd7-cfe6eddfd423}</UniqueIdentifier>
    </Filter>
    <Filter Include="Editor\Windows\Menus\OpenProject">
      <UniqueIdentifier>{33a553f7-d002-4a40-ac64-0049a07db322}</UniqueIdentifier>
    </Filter>
    <Filter Include="Editor\Application">
      <UniqueIdentifier>{66f1f24d-efd7-4fdf-9e23-dff4ed4f5467}</UniqueIdentifier>
    </Filter>
    <Filter Include="Editor\Windows\Menus\EditorSettings">
      <UniqueIdentifier>{def17e57-c87c-480e-9a59-c6c59dd7368c}</UniqueIdentifier>
    </Filter>
    <Filter Include="Editor\Windows\Menus\NewProjectMenu">
      <UniqueIdentifier>{271e9123-b916-449c-b1dc-618cbd1bfc2c}</UniqueIdentifier>
    </Filter>
    <Filter Include="Editor\Windows\Panel Manager">
      <UniqueIdentifier>{db847984-eef1-4ab3-ad81-d2ef044e0923}</UniqueIdentifier>
    </Filter>
    <Filter Include="Editor\Windows\Panels\BasePanel">
      <UniqueIdentifier>{6324635c-8f1e-42ae-aa50-f0e3dde192dc}</UniqueIdentifier>
    </Filter>
    <Filter Include="Framework">
      <UniqueIdentifier>{ba9fab4c-d7c5-480d-8480-8ad1d7a99674}</UniqueIdentifier>
    </Filter>
    <Filter Include="Framework\2DRenderer">
      <UniqueIdentifier>{48118b29-d710-4ec3-b8ba-811b2a00bd65}</UniqueIdentifier>
    </Filter>
    <Filter Include="Framework\SceneSerializer">
      <UniqueIdentifier>{19d307ff-362d-4b1a-bbb3-f5888abbf347}</UniqueIdentifier>
    </Filter>
    <Filter Include="Framework\Scene">
      <UniqueIdentifier>{6a3adb34-6251-4eff-a05e-ec0e33a2c7be}</UniqueIdentifier>
    </Filter>
    <Filter Include="Framework\ECS">
      <UniqueIdentifier>{58cc4532-f77f-4a78-8908-86c901f3153b}</UniqueIdentifier>
    </Filter>
    <Filter Include="Framework\ECS\BaseEntity">
      <UniqueIdentifier>{85fc0578-cc00-4d5b-bef7-9a1adf15b6cc}</UniqueIdentifier>
    </Filter>
    <Filter Include="Framework\ECS\Components">
      <UniqueIdentifier>{87cb8798-9cee-4a75-85b0-e819b113e747}</UniqueIdentifier>
    </Filter>
    <Filter Include="Framework\ECS\Systems">
      <UniqueIdentifier>{01b0821a-b1d6-48b0-858a-45396cbeacfe}</UniqueIdentifier>
    </Filter>
    <Filter Include="Framework\Sprite">
      <UniqueIdentifier>{3da505df-ccd8-447c-a656-feed11043d63}</UniqueIdentifier>
    </Filter>
    <Filter Include="Framework\ResourceManagement">
      <UniqueIdentifier>{2d0aae58-7840-4dcc-93cf-e31fe0f0477e}</UniqueIdentifier>
    </Filter>
    <Filter Include="Framework\MemoryAllocator">
      <UniqueIdentifier>{f3446d6a-e43c-420d-8df0-fd133f89f4ca}</UniqueIdentifier>
    </Filter>
    <Filter Include="Editor\Windows\Panels\Profiler">
      <UniqueIdentifier>{2afde878-b9db-43e2-a297-eb756cab1130}</UniqueIdentifier>
    </Filter>
  </ItemGroup>
  <ItemGroup>
    <ClCompile Include="Editor\BaseEditorWindow\BaseEditorWindow.cpp">
      <Filter>Editor\BaseEditorWindow</Filter>
    </ClCompile>
    <ClCompile Include="Libraries\DearIMGUI\Include\imgui-sfml\imgui-SFML.cpp">
      <Filter>Editor\ImGUI\ImGUISFML</Filter>
    </ClCompile>
    <ClCompile Include="Libraries\DearIMGUI\Include\imgui\imgui.cpp">
      <Filter>Editor\ImGUI\ImGUI</Filter>
    </ClCompile>
    <ClCompile Include="Libraries\DearIMGUI\Include\imgui\imgui_demo.cpp">
      <Filter>Editor\ImGUI\ImGUI</Filter>
    </ClCompile>
    <ClCompile Include="Libraries\DearIMGUI\Include\imgui\imgui_draw.cpp">
      <Filter>Editor\ImGUI\ImGUI</Filter>
    </ClCompile>
    <ClCompile Include="Libraries\DearIMGUI\Include\imgui\imgui_tables.cpp">
      <Filter>Editor\ImGUI\ImGUI</Filter>
    </ClCompile>
    <ClCompile Include="Libraries\DearIMGUI\Include\imgui\imgui_widgets.cpp">
      <Filter>Editor\ImGUI\ImGUI</Filter>
    </ClCompile>
    <ClCompile Include="Editor\Panels\Console\Console.cpp">
      <Filter>Editor\Windows\Panels\Console</Filter>
    </ClCompile>
    <ClCompile Include="Editor\Panels\Hierarchy\Hierarchy.cpp">
      <Filter>Editor\Windows\Panels\Hierarchy</Filter>
    </ClCompile>
    <ClCompile Include="Editor\Panels\SceneViewport\SceneViewport.cpp">
      <Filter>Editor\Windows\Panels\SceneViewport</Filter>
    </ClCompile>
    <ClCompile Include="Editor\Panels\Inspector\Inspector.cpp">
      <Filter>Editor\Windows\Panels\Inspector</Filter>
    </ClCompile>
    <ClCompile Include="Editor\Panels\Animation\Animation.cpp">
      <Filter>Editor\Windows\Panels\Animation</Filter>
    </ClCompile>
    <ClCompile Include="Editor\Panels\ContentBrowser\ContentBrowser.cpp">
      <Filter>Editor\Windows\Panels\ContentBrowser</Filter>
    </ClCompile>
    <ClCompile Include="Editor\Menus\About\About.cpp">
      <Filter>Editor\Windows\Menus\About</Filter>
    </ClCompile>
    <ClCompile Include="Editor\Panels\GameViewport\GameViewport.cpp">
      <Filter>Editor\Windows\Panels\GameViewport</Filter>
    </ClCompile>
    <ClCompile Include="Editor\Menus\MenuBar\MenuBar.cpp">
      <Filter>Editor\Windows\Menus\MenuBar</Filter>
    </ClCompile>
    <ClCompile Include="Editor\Menus\OpenProject\OpenProject.cpp">
      <Filter>Editor\Windows\Menus\OpenProject</Filter>
    </ClCompile>
    <ClCompile Include="Editor\Menus\EditorSettings\EditorSettings.cpp">
      <Filter>Editor\Windows\Menus\EditorSettings</Filter>
    </ClCompile>
    <ClCompile Include="Editor\Menus\NewProject\NewProject.cpp">
      <Filter>Editor\Windows\Menus\NewProjectMenu</Filter>
    </ClCompile>
    <ClCompile Include="Editor\Panels\PanelManager\PanelManager.cpp">
      <Filter>Editor\Windows\Panel Manager</Filter>
    </ClCompile>
    <ClCompile Include="Editor\Application\Application.cpp">
      <Filter>Editor\Application</Filter>
    </ClCompile>
    <ClCompile Include="Framework\Sprite\Sprite.cpp">
      <Filter>Framework\Sprite</Filter>
    </ClCompile>
    <ClCompile Include="Framework\2DRenderer\2DRenderer.cpp">
      <Filter>Framework\2DRenderer</Filter>
    </ClCompile>
    <ClCompile Include="Framework\Entities\BaseEntity\Entity.cpp">
      <Filter>Framework\ECS\BaseEntity</Filter>
    </ClCompile>
    <ClCompile Include="Framework\Scene\Scene.cpp">
      <Filter>Framework\Scene</Filter>
    </ClCompile>
    <ClCompile Include="Framework\SceneSerializer\SceneSerializer.cpp">
      <Filter>Framework\SceneSerializer</Filter>
    </ClCompile>
    <ClCompile Include="Framework\AssetManager\AssetManager.cpp">
      <Filter>Framework\ResourceManagement</Filter>
    </ClCompile>
    <ClCompile Include="Framework\MemoryAllocator\MemoryAllocator.cpp">
      <Filter>Framework\MemoryAllocator</Filter>
    </ClCompile>
    <ClCompile Include="Editor\Panels\Profiler\Profiler.cpp">
      <Filter>Editor\Windows\Panels\Profiler</Filter>
    </ClCompile>
  </ItemGroup>
  <ItemGroup>
    <ClInclude Include="Editor\BaseEditorWindow\BaseEditorWindow.h">
      <Filter>Editor\BaseEditorWindow</Filter>
    </ClInclude>
    <ClInclude Include="Libraries\DearIMGUI\Include\imgui-sfml\imconfig-SFML.h">
      <Filter>Editor\ImGUI\ImGUISFML</Filter>
    </ClInclude>
    <ClInclude Include="Libraries\DearIMGUI\Include\imgui-sfml\imgui-SFML.h">
      <Filter>Editor\ImGUI\ImGUISFML</Filter>
    </ClInclude>
    <ClInclude Include="Libraries\DearIMGUI\Include\imgui-sfml\imgui-SFML_export.h">
      <Filter>Editor\ImGUI\ImGUISFML</Filter>
    </ClInclude>
    <ClInclude Include="Libraries\DearIMGUI\Include\imgui\imconfig.h">
      <Filter>Editor\ImGUI\ImGUI</Filter>
    </ClInclude>
    <ClInclude Include="Libraries\DearIMGUI\Include\imgui\imgui.h">
      <Filter>Editor\ImGUI\ImGUI</Filter>
    </ClInclude>
    <ClInclude Include="Libraries\DearIMGUI\Include\imgui\imgui_internal.h">
      <Filter>Editor\ImGUI\ImGUI</Filter>
    </ClInclude>
    <ClInclude Include="Libraries\DearIMGUI\Include\imgui\imstb_rectpack.h">
      <Filter>Editor\ImGUI\ImGUI</Filter>
    </ClInclude>
    <ClInclude Include="Libraries\DearIMGUI\Include\imgui\imstb_textedit.h">
      <Filter>Editor\ImGUI\ImGUI</Filter>
    </ClInclude>
    <ClInclude Include="Libraries\DearIMGUI\Include\imgui\imstb_truetype.h">
      <Filter>Editor\ImGUI\ImGUI</Filter>
    </ClInclude>
    <ClInclude Include="Editor\Panels\Console\Console.h">
      <Filter>Editor\Windows\Panels\Console</Filter>
    </ClInclude>
    <ClInclude Include="Editor\Panels\Hierarchy\Hierarchy.h">
      <Filter>Editor\Windows\Panels\Hierarchy</Filter>
    </ClInclude>
    <ClInclude Include="Editor\Panels\SceneViewport\SceneViewport.h">
      <Filter>Editor\Windows\Panels\SceneViewport</Filter>
    </ClInclude>
    <ClInclude Include="Editor\Panels\Inspector\Inspector.h">
      <Filter>Editor\Windows\Panels\Inspector</Filter>
    </ClInclude>
    <ClInclude Include="Editor\Panels\Stats\Profiler.h">
      <Filter>Editor\Windows\Panels\Profiler</Filter>
    </ClInclude>
    <ClInclude Include="Editor\Panels\Animation\Animation.h">
      <Filter>Editor\Windows\Panels\Animation</Filter>
    </ClInclude>
    <ClInclude Include="Editor\Panels\ContentBrowser\ContentBrowser.h">
      <Filter>Editor\Windows\Panels\ContentBrowser</Filter>
    </ClInclude>
    <ClInclude Include="Editor\Menus\About\About.h">
      <Filter>Editor\Windows\Menus\About</Filter>
    </ClInclude>
    <ClInclude Include="Editor\Panels\GameViewport\GameViewport.h">
      <Filter>Editor\Windows\Panels\GameViewport</Filter>
    </ClInclude>
    <ClInclude Include="Editor\Style\Style.h">
      <Filter>Editor\Style</Filter>
    </ClInclude>
    <ClInclude Include="Editor\Menus\MenuBar\MenuBar.h">
      <Filter>Editor\Windows\Menus\MenuBar</Filter>
    </ClInclude>
    <ClInclude Include="Editor\Menus\OpenProject\OpenProject.h">
      <Filter>Editor\Windows\Menus\OpenProject</Filter>
    </ClInclude>
    <ClInclude Include="Editor\Menus\NewProject\NewProject.h">
      <Filter>Editor\Windows\Menus\NewProjectMenu</Filter>
    </ClInclude>
    <ClInclude Include="Editor\Menus\EditorSettings\EditorSettings.h">
      <Filter>Editor\Windows\Menus\EditorSettings</Filter>
    </ClInclude>
    <ClInclude Include="Editor\Panels\PanelManager\PanelManager.h">
      <Filter>Editor\Windows\Panel Manager</Filter>
    </ClInclude>
    <ClInclude Include="Editor\Panels\BasePanel\BasePanel.h">
      <Filter>Editor\Windows\Panels\BasePanel</Filter>
    </ClInclude>
    <ClInclude Include="Framework\Sprite\Sprite.h">
      <Filter>Framework\Sprite</Filter>
    </ClInclude>
    <ClInclude Include="Framework\2DRenderer\2DRenderer.h">
      <Filter>Framework\2DRenderer</Filter>
    </ClInclude>
    <ClInclude Include="Framework\Entities\BaseEntity\Entity.h">
      <Filter>Framework\ECS\BaseEntity</Filter>
    </ClInclude>
    <ClInclude Include="Framework\Entities\Components\Components.h">
      <Filter>Framework\ECS\Components</Filter>
    </ClInclude>
    <ClInclude Include="Framework\Scene\Scene.h">
      <Filter>Framework\Scene</Filter>
    </ClInclude>
    <ClInclude Include="Framework\SceneSerializer\SceneSerializer.h">
      <Filter>Framework\SceneSerializer</Filter>
    </ClInclude>
    <ClInclude Include="Framework\AssetManager\AssetManager.h">
      <Filter>Framework\ResourceManagement</Filter>
    </ClInclude>
    <ClInclude Include="Framework\MemoryAllocator\MemoryAllocator.h">
      <Filter>Framework\MemoryAllocator</Filter>
    </ClInclude>
  </ItemGroup>
</Project>